
Microsoft Visual Studio Solution File, Format Version 12.00
Project("{FAE04EC0-301F-11D3-BF4B-00C04F79EFBC}") = "TaskTrackerCat.API", "src\TaskTrackerCat.API\TaskTrackerCat.API.csproj", "{256D960C-1DB0-4B95-8A2E-FC979407D5C4}"
EndProject
Project("{2150E333-8FDC-42A3-9474-1A3956D46DE8}") = "src", "src", "{76C73491-5E3E-4651-A104-FA7DE2BCEDD3}"
EndProject
Project("{FAE04EC0-301F-11D3-BF4B-00C04F79EFBC}") = "TaskTrackerCat.Migrator", "src\TaskTrackerCat.Migrator\TaskTrackerCat.Migrator.csproj", "{6CE7989E-FF2F-4A37-A787-ED017E1D7046}"
EndProject
Project("{FAE04EC0-301F-11D3-BF4B-00C04F79EFBC}") = "TaskTrackerCat.BLL", "src\TaskTrackerCat.BLL\TaskTrackerCat.BLL.csproj", "{14F4160A-AB6E-4B48-930E-D4F876521093}"
EndProject
Project("{FAE04EC0-301F-11D3-BF4B-00C04F79EFBC}") = "TaskTrackerCat.DAL", "src\TaskTrackerCat.DAL\TaskTrackerCat.DAL.csproj", "{6179FE84-3597-40D4-B50A-1179B2341BB2}"
EndProject
Project("{FAE04EC0-301F-11D3-BF4B-00C04F79EFBC}") = "Infrastructure", "src\Infrastructure\Infrastructure.csproj", "{98066783-8583-4CF4-A4FA-89FCE9F6E5FE}"
EndProject
Global
	GlobalSection(SolutionConfigurationPlatforms) = preSolution
		Debug|Any CPU = Debug|Any CPU
		Release|Any CPU = Release|Any CPU
	EndGlobalSection
	GlobalSection(ProjectConfigurationPlatforms) = postSolution
		{256D960C-1DB0-4B95-8A2E-FC979407D5C4}.Debug|Any CPU.ActiveCfg = Debug|Any CPU
		{256D960C-1DB0-4B95-8A2E-FC979407D5C4}.Debug|Any CPU.Build.0 = Debug|Any CPU
		{256D960C-1DB0-4B95-8A2E-FC979407D5C4}.Release|Any CPU.ActiveCfg = Release|Any CPU
		{256D960C-1DB0-4B95-8A2E-FC979407D5C4}.Release|Any CPU.Build.0 = Release|Any CPU
		{20DB3158-D018-4EDD-BFD2-8F90335A72E5}.Debug|Any CPU.ActiveCfg = Debug|Any CPU
		{20DB3158-D018-4EDD-BFD2-8F90335A72E5}.Debug|Any CPU.Build.0 = Debug|Any CPU
		{20DB3158-D018-4EDD-BFD2-8F90335A72E5}.Release|Any CPU.ActiveCfg = Release|Any CPU
		{20DB3158-D018-4EDD-BFD2-8F90335A72E5}.Release|Any CPU.Build.0 = Release|Any CPU
		{6CE7989E-FF2F-4A37-A787-ED017E1D7046}.Debug|Any CPU.ActiveCfg = Debug|Any CPU
		{6CE7989E-FF2F-4A37-A787-ED017E1D7046}.Debug|Any CPU.Build.0 = Debug|Any CPU
		{6CE7989E-FF2F-4A37-A787-ED017E1D7046}.Release|Any CPU.ActiveCfg = Release|Any CPU
		{6CE7989E-FF2F-4A37-A787-ED017E1D7046}.Release|Any CPU.Build.0 = Release|Any CPU
		{14F4160A-AB6E-4B48-930E-D4F876521093}.Debug|Any CPU.ActiveCfg = Debug|Any CPU
		{14F4160A-AB6E-4B48-930E-D4F876521093}.Debug|Any CPU.Build.0 = Debug|Any CPU
		{14F4160A-AB6E-4B48-930E-D4F876521093}.Release|Any CPU.ActiveCfg = Release|Any CPU
		{14F4160A-AB6E-4B48-930E-D4F876521093}.Release|Any CPU.Build.0 = Release|Any CPU
		{6179FE84-3597-40D4-B50A-1179B2341BB2}.Debug|Any CPU.ActiveCfg = Debug|Any CPU
		{6179FE84-3597-40D4-B50A-1179B2341BB2}.Debug|Any CPU.Build.0 = Debug|Any CPU
		{6179FE84-3597-40D4-B50A-1179B2341BB2}.Release|Any CPU.ActiveCfg = Release|Any CPU
		{6179FE84-3597-40D4-B50A-1179B2341BB2}.Release|Any CPU.Build.0 = Release|Any CPU
		{98066783-8583-4CF4-A4FA-89FCE9F6E5FE}.Debug|Any CPU.ActiveCfg = Debug|Any CPU
		{98066783-8583-4CF4-A4FA-89FCE9F6E5FE}.Debug|Any CPU.Build.0 = Debug|Any CPU
		{98066783-8583-4CF4-A4FA-89FCE9F6E5FE}.Release|Any CPU.ActiveCfg = Release|Any CPU
		{98066783-8583-4CF4-A4FA-89FCE9F6E5FE}.Release|Any CPU.Build.0 = Release|Any CPU
	EndGlobalSection
	GlobalSection(NestedProjects) = preSolution
		{256D960C-1DB0-4B95-8A2E-FC979407D5C4} = {76C73491-5E3E-4651-A104-FA7DE2BCEDD3}
		{20DB3158-D018-4EDD-BFD2-8F90335A72E5} = {76C73491-5E3E-4651-A104-FA7DE2BCEDD3}
		{6CE7989E-FF2F-4A37-A787-ED017E1D7046} = {76C73491-5E3E-4651-A104-FA7DE2BCEDD3}
		{14F4160A-AB6E-4B48-930E-D4F876521093} = {76C73491-5E3E-4651-A104-FA7DE2BCEDD3}
		{6179FE84-3597-40D4-B50A-1179B2341BB2} = {76C73491-5E3E-4651-A104-FA7DE2BCEDD3}
	EndGlobalSection
EndGlobal
